// !$*UTF8*$!
{
	archiveVersion = 1;
	classes = {
	};
	objectVersion = 48;
	objects = {

/* Begin PBXBuildFile section */
		184E5DD8204BE4BE0077B2CD /* main.m in Sources */ = {isa = PBXBuildFile; fileRef = 184E5DD7204BE4BE0077B2CD /* main.m */; };
		184E5DE0204BE4C90077B2CD /* Tearch.m in Sources */ = {isa = PBXBuildFile; fileRef = 184E5DDF204BE4C90077B2CD /* Tearch.m */; };
		184E5DE3204BE4D60077B2CD /* GroupLeader.m in Sources */ = {isa = PBXBuildFile; fileRef = 184E5DE2204BE4D60077B2CD /* GroupLeader.m */; };
		184E5DE6204BE4E00077B2CD /* Girl.m in Sources */ = {isa = PBXBuildFile; fileRef = 184E5DE5204BE4E00077B2CD /* Girl.m */; };
/* End PBXBuildFile section */

/* Begin PBXCopyFilesBuildPhase section */
		184E5DD2204BE4BE0077B2CD /* CopyFiles */ = {
			isa = PBXCopyFilesBuildPhase;
			buildActionMask = 2147483647;
			dstPath = /usr/share/man/man1/;
			dstSubfolderSpec = 0;
			files = (
			);
			runOnlyForDeploymentPostprocessing = 1;
		};
/* End PBXCopyFilesBuildPhase section */

/* Begin PBXFileReference section */
		184E5DD4204BE4BE0077B2CD /* 模式B修改 */ = {isa = PBXFileReference; explicitFileType = "compiled.mach-o.executable"; includeInIndex = 0; path = "模式B修改"; sourceTree = BUILT_PRODUCTS_DIR; };
		184E5DD7204BE4BE0077B2CD /* main.m */ = {isa = PBXFileReference; lastKnownFileType = sourcecode.c.objc; path = main.m; sourceTree = "<group>"; };
		184E5DDE204BE4C90077B2CD /* Tearch.h */ = {isa = PBXFileReference; lastKnownFileType = sourcecode.c.h; path = Tearch.h; sourceTree = "<group>"; };
		184E5DDF204BE4C90077B2CD /* Tearch.m */ = {isa = PBXFileReference; lastKnownFileType = sourcecode.c.objc; path = Tearch.m; sourceTree = "<group>"; };
		184E5DE1204BE4D50077B2CD /* GroupLeader.h */ = {isa = PBXFileReference; lastKnownFileType = sourcecode.c.h; path = GroupLeader.h; sourceTree = "<group>"; };
		184E5DE2204BE4D60077B2CD /* GroupLeader.m */ = {isa = PBXFileReference; lastKnownFileType = sourcecode.c.objc; path = GroupLeader.m; sourceTree = "<group>"; };
		184E5DE4204BE4E00077B2CD /* Girl.h */ = {isa = PBXFileReference; lastKnownFileType = sourcecode.c.h; path = Girl.h; sourceTree = "<group>"; };
		184E5DE5204BE4E00077B2CD /* Girl.m */ = {isa = PBXFileReference; lastKnownFileType = sourcecode.c.objc; path = Girl.m; sourceTree = "<group>"; };
/* End PBXFileReference section */

/* Begin PBXFrameworksBuildPhase section */
		184E5DD1204BE4BE0077B2CD /* Frameworks */ = {
			isa = PBXFrameworksBuildPhase;
			buildActionMask = 2147483647;
			files = (
			);
			runOnlyForDeploymentPostprocessing = 0;
		};
/* End PBXFrameworksBuildPhase section */

/* Begin PBXGroup section */
		184E5DCB204BE4BE0077B2CD = {
			isa = PBXGroup;
			children = (
				184E5DD6204BE4BE0077B2CD /* 模式B修改 */,
				184E5DD5204BE4BE0077B2CD /* Products */,
			);
			sourceTree = "<group>";
		};
		184E5DD5204BE4BE0077B2CD /* Products */ = {
			isa = PBXGroup;
			children = (
				184E5DD4204BE4BE0077B2CD /* 模式B修改 */,
			);
			name = Products;
			sourceTree = "<group>";
		};
		184E5DD6204BE4BE0077B2CD /* 模式B修改 */ = {
			isa = PBXGroup;
			children = (
				184E5DD7204BE4BE0077B2CD /* main.m */,
				184E5DDE204BE4C90077B2CD /* Tearch.h */,
				184E5DDF204BE4C90077B2CD /* Tearch.m */,
				184E5DE1204BE4D50077B2CD /* GroupLeader.h */,
				184E5DE2204BE4D60077B2CD /* GroupLeader.m */,
				184E5DE4204BE4E00077B2CD /* Girl.h */,
				184E5DE5204BE4E00077B2CD /* Girl.m */,
			);
			path = "模式B修改";
			sourceTree = "<group>";
		};
/* End PBXGroup section */

/* Begin PBXNativeTarget section */
		184E5DD3204BE4BE0077B2CD /* 模式B修改 */ = {
			isa = PBXNativeTarget;
			buildConfigurationList = 184E5DDB204BE4BE0077B2CD /* Build configuration list for PBXNativeTarget "模式B修改" */;
			buildPhases = (
				184E5DD0204BE4BE0077B2CD /* Sources */,
				184E5DD1204BE4BE0077B2CD /* Frameworks */,
				184E5DD2204BE4BE0077B2CD /* CopyFiles */,
			);
			buildRules = (
			);
			dependencies = (
			);
			name = "模式B修改";
			productName = "模式B修改";
			productReference = 184E5DD4204BE4BE0077B2CD /* 模式B修改 */;
			productType = "com.apple.product-type.tool";
		};
/* End PBXNativeTarget section */

/* Begin PBXProject section */
		184E5DCC204BE4BE0077B2CD /* Project object */ = {
			isa = PBXProject;
			attributes = {
				LastUpgradeCheck = 0920;
				ORGANIZATIONNAME = jie;
				TargetAttributes = {
					184E5DD3204BE4BE0077B2CD = {
						CreatedOnToolsVersion = 9.2;
						ProvisioningStyle = Automatic;
					};
				};
			};
			buildConfigurationList = 184E5DCF204BE4BE0077B2CD /* Build configuration list for PBXProject "模式B修改" */;
			compatibilityVersion = "Xcode 8.0";
			developmentRegion = en;
			hasScannedForEncodings = 0;
			knownRegions = (
				en,
			);
			mainGroup = 184E5DCB204BE4BE0077B2CD;
			productRefGroup = 184E5DD5204BE4BE0077B2CD /* Products */;
			projectDirPath = "";
			projectRoot = "";
			targets = (
				184E5DD3204BE4BE0077B2CD /* 模式B修改 */,
			);
		};
/* End PBXProject section */

/* Begin PBXSourcesBuildPhase section */
		184E5DD0204BE4BE0077B2CD /* Sources */ = {
			isa = PBXSourcesBuildPhase;
			buildActionMask = 2147483647;
			files = (
				184E5DE0204BE4C90077B2CD /* Tearch.m in Sources */,
				184E5DD8204BE4BE0077B2CD /* main.m in Sources */,
				184E5DE3204BE4D60077B2CD /* GroupLeader.m in Sources */,
				184E5DE6204BE4E00077B2CD /* Girl.m in Sources */,
			);
			runOnlyForDeploymentPostprocessing = 0;
		};
/* End PBXSourcesBuildPhase section */

/* Begin XCBuildConfiguration section */
		184E5DD9204BE4BE0077B2CD /* Debug */ = {
			isa = XCBuildConfiguration;
			buildSettings = {
				ALWAYS_SEARCH_USER_PATHS = NO;
				CLANG_ANALYZER_NONNULL = YES;
				CLANG_ANALYZER_NUMBER_OBJECT_CONVERSION = YES_AGGRESSIVE;
				CLANG_CXX_LANGUAGE_STANDARD = "gnu++14";
				CLANG_CXX_LIBRARY = "libc++";
				CLANG_ENABLE_MODULES = YES;
				CLANG_ENABLE_OBJC_ARC = YES;
				CLANG_WARN_BLOCK_CAPTURE_AUTORELEASING = YES;
				CLANG_WARN_BOOL_CONVERSION = YES;
				CLANG_WARN_COMMA = YES;
				CLANG_WARN_CONSTANT_CONVERSION = YES;
				CLANG_WARN_DIRECT_OBJC_ISA_USAGE = YES_ERROR;
				CLANG_WARN_DOCUMENTATION_COMMENTS = YES;
				CLANG_WARN_EMPTY_BODY = YES;
				CLANG_WARN_ENUM_CONVERSION = YES;
				CLANG_WARN_INFINITE_RECURSION = YES;
				CLANG_WARN_INT_CONVERSION = YES;
				CLANG_WARN_NON_LITERAL_NULL_CONVERSION = YES;
				CLANG_WARN_OBJC_LITERAL_CONVERSION = YES;
				CLANG_WARN_OBJC_ROOT_CLASS = YES_ERROR;
				CLANG_WARN_RANGE_LOOP_ANALYSIS = YES;
				CLANG_WARN_STRICT_PROTOTYPES = YES;
				CLANG_WARN_SUSPICIOUS_MOVE = YES;
				CLANG_WARN_UNGUARDED_AVAILABILITY = YES_AGGRESSIVE;
				CLANG_WARN_UNREACHABLE_CODE = YES;
				CLANG_WARN__DUPLICATE_METHOD_MATCH = YES;
				CODE_SIGN_IDENTITY = "-";
				COPY_PHASE_STRIP = NO;
				DEBUG_INFORMATION_FORMAT = dwarf;
				ENABLE_STRICT_OBJC_MSGSEND = YES;
				ENABLE_TESTABILITY = YES;
				GCC_C_LANGUAGE_STANDARD = gnu11;
				GCC_DYNAMIC_NO_PIC = NO;
				GCC_NO_COMMON_BLOCKS = YES;
				GCC_OPTIMIZATION_LEVEL = 0;
				GCC_PREPROCESSOR_DEFINITIONS = (
					"DEBUG=1",
					"$(inherited)",
				);
				GCC_WARN_64_TO_32_BIT_CONVERSION = YES;
				GCC_WARN_ABOUT_RETURN_TYPE = YES_ERROR;
				GCC_WARN_UNDECLARED_SELECTOR = YES;
				GCC_WARN_UNINITIALIZED_AUTOS = YES_AGGRESSIVE;
				GCC_WARN_UNUSED_FUNCTION = YES;
				GCC_WARN_UNUSED_VARIABLE = YES;
				MACOSX_DEPLOYMENT_TARGET = 10.13;
				MTL_ENABLE_DEBUG_INFO = YES;
				ONLY_ACTIVE_ARCH = YES;
				SDKROOT = macosx;
			};
			name = Debug;
		};
		184E5DDA204BE4BE0077B2CD /* Release */ = {
			isa = XCBuildConfiguration;
			buildSettings = {
				ALWAYS_SEARCH_USER_PATHS = NO;
				CLANG_ANALYZER_NONNULL = YES;
				CLANG_ANALYZER_NUMBER_OBJECT_CONVERSION = YES_AGGRESSIVE;
				CLANG_CXX_LANGUAGE_STANDARD = "gnu++14";
				CLANG_CXX_LIBRARY = "libc++";
				CLANG_ENABLE_MODULES = YES;
				CLANG_ENABLE_OBJC_ARC = YES;
				CLANG_WARN_BLOCK_CAPTURE_AUTORELEASING = YES;
				CLANG_WARN_BOOL_CONVERSION = YES;
				CLANG_WARN_COMMA = YES;
				CLANG_WARN_CONSTANT_CONVERSION = YES;
				CLANG_WARN_DIRECT_OBJC_ISA_USAGE = YES_ERROR;
				CLANG_WARN_DOCUMENTATION_COMMENTS = YES;
				CLANG_WARN_EMPTY_BODY = YES;
				CLANG_WARN_ENUM_CONVERSION = YES;
				CLANG_WARN_INFINITE_RECURSION = YES;
				CLANG_WARN_INT_CONVERSION = YES;
				CLANG_WARN_NON_LITERAL_NULL_CONVERSION = YES;
				CLANG_WARN_OBJC_LITERAL_CONVERSION = YES;
				CLANG_WARN_OBJC_ROOT_CLASS = YES_ERROR;
				CLANG_WARN_RANGE_LOOP_ANALYSIS = YES;
				CLANG_WARN_STRICT_PROTOTYPES = YES;
				CLANG_WARN_SUSPICIOUS_MOVE = YES;
				CLANG_WARN_UNGUARDED_AVAILABILITY = YES_AGGRESSIVE;
				CLANG_WARN_UNREACHABLE_CODE = YES;
				CLANG_WARN__DUPLICATE_METHOD_MATCH = YES;
				CODE_SIGN_IDENTITY = "-";
				COPY_PHASE_STRIP = NO;
				DEBUG_INFORMATION_FORMAT = "dwarf-with-dsym";
				ENABLE_NS_ASSERTIONS = NO;
				ENABLE_STRICT_OBJC_MSGSEND = YES;
				GCC_C_LANGUAGE_STANDARD = gnu11;
				GCC_NO_COMMON_BLOCKS = YES;
				GCC_WARN_64_TO_32_BIT_CONVERSION = YES;
				GCC_WARN_ABOUT_RETURN_TYPE = YES_ERROR;
				GCC_WARN_UNDECLARED_SELECTOR = YES;
				GCC_WARN_UNINITIALIZED_AUTOS = YES_AGGRESSIVE;
				GCC_WARN_UNUSED_FUNCTION = YES;
				GCC_WARN_UNUSED_VARIABLE = YES;
				MACOSX_DEPLOYMENT_TARGET = 10.13;
				MTL_ENABLE_DEBUG_INFO = NO;
				SDKROOT = macosx;
			};
			name = Release;
		};
		184E5DDC204BE4BE0077B2CD /* Debug */ = {
			isa = XCBuildConfiguration;
			buildSettings = {
				CODE_SIGN_STYLE = Automatic;
				PRODUCT_NAME = "$(TARGET_NAME)";
			};
			name = Debug;
		};
		184E5DDD204BE4BE0077B2CD /* Release */ = {
			isa = XCBuildConfiguration;
			buildSettings = {
				CODE_SIGN_STYLE = Automatic;
				PRODUCT_NAME = "$(TARGET_NAME)";
			};
			name = Release;
		};
/* End XCBuildConfiguration section */

/* Begin XCConfigurationList section */
		184E5DCF204BE4BE0077B2CD /* Build configuration list for PBXProject "模式B修改" */ = {
			isa = XCConfigurationList;
			buildConfigurations = (
				184E5DD9204BE4BE0077B2CD /* Debug */,
				184E5DDA204BE4BE0077B2CD /* Release */,
			);
			defaultConfigurationIsVisible = 0;
			defaultConfigurationName = Release;
		};
		184E5DDB204BE4BE0077B2CD /* Build configuration list for PBXNativeTarget "模式B修改" */ = {
			isa = XCConfigurationList;
			buildConfigurations = (
				184E5DDC204BE4BE0077B2CD /* Debug */,
				184E5DDD204BE4BE0077B2CD /* Release */,
			);
			defaultConfigurationIsVisible = 0;
			defaultConfigurationName = Release;
		};
/* End XCConfigurationList section */
	};
	rootObject = 184E5DCC204BE4BE0077B2CD /* Project object */;
}
