// !$*UTF8*$!
{
	archiveVersion = 1;
	classes = {
	};
	objectVersion = 48;
	objects = {

/* Begin PBXBuildFile section */
		184E5D762045A0280077B2CD /* main.m in Sources */ = {isa = PBXBuildFile; fileRef = 184E5D752045A0280077B2CD /* main.m */; };
		184E5D7E2045A0370077B2CD /* Father.m in Sources */ = {isa = PBXBuildFile; fileRef = 184E5D7D2045A0370077B2CD /* Father.m */; };
		184E5D812045A0440077B2CD /* A.m in Sources */ = {isa = PBXBuildFile; fileRef = 184E5D802045A0440077B2CD /* A.m */; };
		184E5D842045A04C0077B2CD /* B.m in Sources */ = {isa = PBXBuildFile; fileRef = 184E5D832045A04C0077B2CD /* B.m */; };
		184E5D872045A0520077B2CD /* C.m in Sources */ = {isa = PBXBuildFile; fileRef = 184E5D862045A0520077B2CD /* C.m */; };
		184E5D8A2045A0590077B2CD /* D.m in Sources */ = {isa = PBXBuildFile; fileRef = 184E5D892045A0590077B2CD /* D.m */; };
		184E5D8D2045A0740077B2CD /* MangerLog.m in Sources */ = {isa = PBXBuildFile; fileRef = 184E5D8C2045A0740077B2CD /* MangerLog.m */; };
/* End PBXBuildFile section */

/* Begin PBXCopyFilesBuildPhase section */
		184E5D702045A0280077B2CD /* CopyFiles */ = {
			isa = PBXCopyFilesBuildPhase;
			buildActionMask = 2147483647;
			dstPath = /usr/share/man/man1/;
			dstSubfolderSpec = 0;
			files = (
			);
			runOnlyForDeploymentPostprocessing = 1;
		};
/* End PBXCopyFilesBuildPhase section */

/* Begin PBXFileReference section */
		184E5D722045A0280077B2CD /* 模式A */ = {isa = PBXFileReference; explicitFileType = "compiled.mach-o.executable"; includeInIndex = 0; path = "模式A"; sourceTree = BUILT_PRODUCTS_DIR; };
		184E5D752045A0280077B2CD /* main.m */ = {isa = PBXFileReference; lastKnownFileType = sourcecode.c.objc; path = main.m; sourceTree = "<group>"; };
		184E5D7C2045A0370077B2CD /* Father.h */ = {isa = PBXFileReference; lastKnownFileType = sourcecode.c.h; path = Father.h; sourceTree = "<group>"; };
		184E5D7D2045A0370077B2CD /* Father.m */ = {isa = PBXFileReference; lastKnownFileType = sourcecode.c.objc; path = Father.m; sourceTree = "<group>"; };
		184E5D7F2045A0440077B2CD /* A.h */ = {isa = PBXFileReference; lastKnownFileType = sourcecode.c.h; path = A.h; sourceTree = "<group>"; };
		184E5D802045A0440077B2CD /* A.m */ = {isa = PBXFileReference; lastKnownFileType = sourcecode.c.objc; path = A.m; sourceTree = "<group>"; };
		184E5D822045A04C0077B2CD /* B.h */ = {isa = PBXFileReference; lastKnownFileType = sourcecode.c.h; path = B.h; sourceTree = "<group>"; };
		184E5D832045A04C0077B2CD /* B.m */ = {isa = PBXFileReference; lastKnownFileType = sourcecode.c.objc; path = B.m; sourceTree = "<group>"; };
		184E5D852045A0520077B2CD /* C.h */ = {isa = PBXFileReference; lastKnownFileType = sourcecode.c.h; path = C.h; sourceTree = "<group>"; };
		184E5D862045A0520077B2CD /* C.m */ = {isa = PBXFileReference; lastKnownFileType = sourcecode.c.objc; path = C.m; sourceTree = "<group>"; };
		184E5D882045A0590077B2CD /* D.h */ = {isa = PBXFileReference; lastKnownFileType = sourcecode.c.h; path = D.h; sourceTree = "<group>"; };
		184E5D892045A0590077B2CD /* D.m */ = {isa = PBXFileReference; lastKnownFileType = sourcecode.c.objc; path = D.m; sourceTree = "<group>"; };
		184E5D8B2045A0740077B2CD /* MangerLog.h */ = {isa = PBXFileReference; lastKnownFileType = sourcecode.c.h; path = MangerLog.h; sourceTree = "<group>"; };
		184E5D8C2045A0740077B2CD /* MangerLog.m */ = {isa = PBXFileReference; lastKnownFileType = sourcecode.c.objc; path = MangerLog.m; sourceTree = "<group>"; };
		184E5D912045A1FB0077B2CD /* DMethodProtocol.h */ = {isa = PBXFileReference; lastKnownFileType = sourcecode.c.h; path = DMethodProtocol.h; sourceTree = "<group>"; };
/* End PBXFileReference section */

/* Begin PBXFrameworksBuildPhase section */
		184E5D6F2045A0280077B2CD /* Frameworks */ = {
			isa = PBXFrameworksBuildPhase;
			buildActionMask = 2147483647;
			files = (
			);
			runOnlyForDeploymentPostprocessing = 0;
		};
/* End PBXFrameworksBuildPhase section */

/* Begin PBXGroup section */
		184E5D692045A0280077B2CD = {
			isa = PBXGroup;
			children = (
				184E5D742045A0280077B2CD /* 模式A */,
				184E5D732045A0280077B2CD /* Products */,
			);
			sourceTree = "<group>";
		};
		184E5D732045A0280077B2CD /* Products */ = {
			isa = PBXGroup;
			children = (
				184E5D722045A0280077B2CD /* 模式A */,
			);
			name = Products;
			sourceTree = "<group>";
		};
		184E5D742045A0280077B2CD /* 模式A */ = {
			isa = PBXGroup;
			children = (
				184E5D752045A0280077B2CD /* main.m */,
				184E5D8B2045A0740077B2CD /* MangerLog.h */,
				184E5D8C2045A0740077B2CD /* MangerLog.m */,
				184E5D912045A1FB0077B2CD /* DMethodProtocol.h */,
				184E5D7C2045A0370077B2CD /* Father.h */,
				184E5D7D2045A0370077B2CD /* Father.m */,
				184E5D7F2045A0440077B2CD /* A.h */,
				184E5D802045A0440077B2CD /* A.m */,
				184E5D822045A04C0077B2CD /* B.h */,
				184E5D832045A04C0077B2CD /* B.m */,
				184E5D852045A0520077B2CD /* C.h */,
				184E5D862045A0520077B2CD /* C.m */,
				184E5D882045A0590077B2CD /* D.h */,
				184E5D892045A0590077B2CD /* D.m */,
			);
			path = "模式A";
			sourceTree = "<group>";
		};
/* End PBXGroup section */

/* Begin PBXNativeTarget section */
		184E5D712045A0280077B2CD /* 模式A */ = {
			isa = PBXNativeTarget;
			buildConfigurationList = 184E5D792045A0280077B2CD /* Build configuration list for PBXNativeTarget "模式A" */;
			buildPhases = (
				184E5D6E2045A0280077B2CD /* Sources */,
				184E5D6F2045A0280077B2CD /* Frameworks */,
				184E5D702045A0280077B2CD /* CopyFiles */,
			);
			buildRules = (
			);
			dependencies = (
			);
			name = "模式A";
			productName = "模式A";
			productReference = 184E5D722045A0280077B2CD /* 模式A */;
			productType = "com.apple.product-type.tool";
		};
/* End PBXNativeTarget section */

/* Begin PBXProject section */
		184E5D6A2045A0280077B2CD /* Project object */ = {
			isa = PBXProject;
			attributes = {
				LastUpgradeCheck = 0920;
				ORGANIZATIONNAME = jie;
				TargetAttributes = {
					184E5D712045A0280077B2CD = {
						CreatedOnToolsVersion = 9.2;
						ProvisioningStyle = Automatic;
					};
				};
			};
			buildConfigurationList = 184E5D6D2045A0280077B2CD /* Build configuration list for PBXProject "模式A" */;
			compatibilityVersion = "Xcode 8.0";
			developmentRegion = en;
			hasScannedForEncodings = 0;
			knownRegions = (
				en,
			);
			mainGroup = 184E5D692045A0280077B2CD;
			productRefGroup = 184E5D732045A0280077B2CD /* Products */;
			projectDirPath = "";
			projectRoot = "";
			targets = (
				184E5D712045A0280077B2CD /* 模式A */,
			);
		};
/* End PBXProject section */

/* Begin PBXSourcesBuildPhase section */
		184E5D6E2045A0280077B2CD /* Sources */ = {
			isa = PBXSourcesBuildPhase;
			buildActionMask = 2147483647;
			files = (
				184E5D8A2045A0590077B2CD /* D.m in Sources */,
				184E5D842045A04C0077B2CD /* B.m in Sources */,
				184E5D812045A0440077B2CD /* A.m in Sources */,
				184E5D872045A0520077B2CD /* C.m in Sources */,
				184E5D8D2045A0740077B2CD /* MangerLog.m in Sources */,
				184E5D762045A0280077B2CD /* main.m in Sources */,
				184E5D7E2045A0370077B2CD /* Father.m in Sources */,
			);
			runOnlyForDeploymentPostprocessing = 0;
		};
/* End PBXSourcesBuildPhase section */

/* Begin XCBuildConfiguration section */
		184E5D772045A0280077B2CD /* Debug */ = {
			isa = XCBuildConfiguration;
			buildSettings = {
				ALWAYS_SEARCH_USER_PATHS = NO;
				CLANG_ANALYZER_NONNULL = YES;
				CLANG_ANALYZER_NUMBER_OBJECT_CONVERSION = YES_AGGRESSIVE;
				CLANG_CXX_LANGUAGE_STANDARD = "gnu++14";
				CLANG_CXX_LIBRARY = "libc++";
				CLANG_ENABLE_MODULES = YES;
				CLANG_ENABLE_OBJC_ARC = YES;
				CLANG_WARN_BLOCK_CAPTURE_AUTORELEASING = YES;
				CLANG_WARN_BOOL_CONVERSION = YES;
				CLANG_WARN_COMMA = YES;
				CLANG_WARN_CONSTANT_CONVERSION = YES;
				CLANG_WARN_DIRECT_OBJC_ISA_USAGE = YES_ERROR;
				CLANG_WARN_DOCUMENTATION_COMMENTS = YES;
				CLANG_WARN_EMPTY_BODY = YES;
				CLANG_WARN_ENUM_CONVERSION = YES;
				CLANG_WARN_INFINITE_RECURSION = YES;
				CLANG_WARN_INT_CONVERSION = YES;
				CLANG_WARN_NON_LITERAL_NULL_CONVERSION = YES;
				CLANG_WARN_OBJC_LITERAL_CONVERSION = YES;
				CLANG_WARN_OBJC_ROOT_CLASS = YES_ERROR;
				CLANG_WARN_RANGE_LOOP_ANALYSIS = YES;
				CLANG_WARN_STRICT_PROTOTYPES = YES;
				CLANG_WARN_SUSPICIOUS_MOVE = YES;
				CLANG_WARN_UNGUARDED_AVAILABILITY = YES_AGGRESSIVE;
				CLANG_WARN_UNREACHABLE_CODE = YES;
				CLANG_WARN__DUPLICATE_METHOD_MATCH = YES;
				CODE_SIGN_IDENTITY = "-";
				COPY_PHASE_STRIP = NO;
				DEBUG_INFORMATION_FORMAT = dwarf;
				ENABLE_STRICT_OBJC_MSGSEND = YES;
				ENABLE_TESTABILITY = YES;
				GCC_C_LANGUAGE_STANDARD = gnu11;
				GCC_DYNAMIC_NO_PIC = NO;
				GCC_NO_COMMON_BLOCKS = YES;
				GCC_OPTIMIZATION_LEVEL = 0;
				GCC_PREPROCESSOR_DEFINITIONS = (
					"DEBUG=1",
					"$(inherited)",
				);
				GCC_WARN_64_TO_32_BIT_CONVERSION = YES;
				GCC_WARN_ABOUT_RETURN_TYPE = YES_ERROR;
				GCC_WARN_UNDECLARED_SELECTOR = YES;
				GCC_WARN_UNINITIALIZED_AUTOS = YES_AGGRESSIVE;
				GCC_WARN_UNUSED_FUNCTION = YES;
				GCC_WARN_UNUSED_VARIABLE = YES;
				MACOSX_DEPLOYMENT_TARGET = 10.13;
				MTL_ENABLE_DEBUG_INFO = YES;
				ONLY_ACTIVE_ARCH = YES;
				SDKROOT = macosx;
			};
			name = Debug;
		};
		184E5D782045A0280077B2CD /* Release */ = {
			isa = XCBuildConfiguration;
			buildSettings = {
				ALWAYS_SEARCH_USER_PATHS = NO;
				CLANG_ANALYZER_NONNULL = YES;
				CLANG_ANALYZER_NUMBER_OBJECT_CONVERSION = YES_AGGRESSIVE;
				CLANG_CXX_LANGUAGE_STANDARD = "gnu++14";
				CLANG_CXX_LIBRARY = "libc++";
				CLANG_ENABLE_MODULES = YES;
				CLANG_ENABLE_OBJC_ARC = YES;
				CLANG_WARN_BLOCK_CAPTURE_AUTORELEASING = YES;
				CLANG_WARN_BOOL_CONVERSION = YES;
				CLANG_WARN_COMMA = YES;
				CLANG_WARN_CONSTANT_CONVERSION = YES;
				CLANG_WARN_DIRECT_OBJC_ISA_USAGE = YES_ERROR;
				CLANG_WARN_DOCUMENTATION_COMMENTS = YES;
				CLANG_WARN_EMPTY_BODY = YES;
				CLANG_WARN_ENUM_CONVERSION = YES;
				CLANG_WARN_INFINITE_RECURSION = YES;
				CLANG_WARN_INT_CONVERSION = YES;
				CLANG_WARN_NON_LITERAL_NULL_CONVERSION = YES;
				CLANG_WARN_OBJC_LITERAL_CONVERSION = YES;
				CLANG_WARN_OBJC_ROOT_CLASS = YES_ERROR;
				CLANG_WARN_RANGE_LOOP_ANALYSIS = YES;
				CLANG_WARN_STRICT_PROTOTYPES = YES;
				CLANG_WARN_SUSPICIOUS_MOVE = YES;
				CLANG_WARN_UNGUARDED_AVAILABILITY = YES_AGGRESSIVE;
				CLANG_WARN_UNREACHABLE_CODE = YES;
				CLANG_WARN__DUPLICATE_METHOD_MATCH = YES;
				CODE_SIGN_IDENTITY = "-";
				COPY_PHASE_STRIP = NO;
				DEBUG_INFORMATION_FORMAT = "dwarf-with-dsym";
				ENABLE_NS_ASSERTIONS = NO;
				ENABLE_STRICT_OBJC_MSGSEND = YES;
				GCC_C_LANGUAGE_STANDARD = gnu11;
				GCC_NO_COMMON_BLOCKS = YES;
				GCC_WARN_64_TO_32_BIT_CONVERSION = YES;
				GCC_WARN_ABOUT_RETURN_TYPE = YES_ERROR;
				GCC_WARN_UNDECLARED_SELECTOR = YES;
				GCC_WARN_UNINITIALIZED_AUTOS = YES_AGGRESSIVE;
				GCC_WARN_UNUSED_FUNCTION = YES;
				GCC_WARN_UNUSED_VARIABLE = YES;
				MACOSX_DEPLOYMENT_TARGET = 10.13;
				MTL_ENABLE_DEBUG_INFO = NO;
				SDKROOT = macosx;
			};
			name = Release;
		};
		184E5D7A2045A0280077B2CD /* Debug */ = {
			isa = XCBuildConfiguration;
			buildSettings = {
				CODE_SIGN_STYLE = Automatic;
				PRODUCT_NAME = "$(TARGET_NAME)";
			};
			name = Debug;
		};
		184E5D7B2045A0280077B2CD /* Release */ = {
			isa = XCBuildConfiguration;
			buildSettings = {
				CODE_SIGN_STYLE = Automatic;
				PRODUCT_NAME = "$(TARGET_NAME)";
			};
			name = Release;
		};
/* End XCBuildConfiguration section */

/* Begin XCConfigurationList section */
		184E5D6D2045A0280077B2CD /* Build configuration list for PBXProject "模式A" */ = {
			isa = XCConfigurationList;
			buildConfigurations = (
				184E5D772045A0280077B2CD /* Debug */,
				184E5D782045A0280077B2CD /* Release */,
			);
			defaultConfigurationIsVisible = 0;
			defaultConfigurationName = Release;
		};
		184E5D792045A0280077B2CD /* Build configuration list for PBXNativeTarget "模式A" */ = {
			isa = XCConfigurationList;
			buildConfigurations = (
				184E5D7A2045A0280077B2CD /* Debug */,
				184E5D7B2045A0280077B2CD /* Release */,
			);
			defaultConfigurationIsVisible = 0;
			defaultConfigurationName = Release;
		};
/* End XCConfigurationList section */
	};
	rootObject = 184E5D6A2045A0280077B2CD /* Project object */;
}
